lockfileVersion: '9.0'

settings:
  autoInstallPeers: true
  excludeLinksFromLockfile: false

importers:

  .:
    devDependencies:
      termcorr:
        specifier: file:../wx
        version: file:../wx

packages:

  termcorr@file:../wx:
    resolution: {directory: ../wx, type: directory}
    engines: {node: '>=18'}
    hasBin: true

snapshots:

  termcorr@file:../wx: {}
